// !$*UTF8*$!
{
	archiveVersion = 1;
	classes = {
	};
	objectVersion = 46;
	objects = {

/* Begin PBXBuildFile section */
		1222D4A81B76DE7400E132F7 /* AnimationViewController.swift in Sources */ = {isa = PBXBuildFile; fileRef = 1222D4A71B76DE7400E132F7 /* AnimationViewController.swift */; };
		12248AFF1B69DC4700B561B8 /* AppDelegate.swift in Sources */ = {isa = PBXBuildFile; fileRef = 12248AFE1B69DC4700B561B8 /* AppDelegate.swift */; };
		12248B011B69DC4700B561B8 /* CellularAutomataViewController.swift in Sources */ = {isa = PBXBuildFile; fileRef = 12248B001B69DC4700B561B8 /* CellularAutomataViewController.swift */; };
		12248B041B69DC4700B561B8 /* Main.storyboard in Resources */ = {isa = PBXBuildFile; fileRef = 12248B021B69DC4700B561B8 /* Main.storyboard */; };
		12248B061B69DC4700B561B8 /* Images.xcassets in Resources */ = {isa = PBXBuildFile; fileRef = 12248B051B69DC4700B561B8 /* Images.xcassets */; };
		12248B091B69DC4700B561B8 /* LaunchScreen.xib in Resources */ = {isa = PBXBuildFile; fileRef = 12248B071B69DC4700B561B8 /* LaunchScreen.xib */; };
		12248B151B69DC4700B561B8 /* CoreGraphics_1Tests.swift in Sources */ = {isa = PBXBuildFile; fileRef = 12248B141B69DC4700B561B8 /* CoreGraphics_1Tests.swift */; };
		12248B231B6B2A8A00B561B8 /* CellView.swift in Sources */ = {isa = PBXBuildFile; fileRef = 12248B221B6B2A8A00B561B8 /* CellView.swift */; };
		12248B251B6D834C00B561B8 /* Cell.swift in Sources */ = {isa = PBXBuildFile; fileRef = 12248B241B6D834C00B561B8 /* Cell.swift */; };
		12248B271B6D869B00B561B8 /* SingleGenCellularAutomata.swift in Sources */ = {isa = PBXBuildFile; fileRef = 12248B261B6D869B00B561B8 /* SingleGenCellularAutomata.swift */; };
		12248B291B6DC9C900B561B8 /* PushButtonView.swift in Sources */ = {isa = PBXBuildFile; fileRef = 12248B281B6DC9C900B561B8 /* PushButtonView.swift */; };
		12248B2B1B6DD49100B561B8 /* RuleSet.swift in Sources */ = {isa = PBXBuildFile; fileRef = 12248B2A1B6DD49100B561B8 /* RuleSet.swift */; };
		128ED2DD1B71C64300F78AF4 /* CellViewDataSource.swift in Sources */ = {isa = PBXBuildFile; fileRef = 128ED2DC1B71C64300F78AF4 /* CellViewDataSource.swift */; };
/* End PBXBuildFile section */

/* Begin PBXContainerItemProxy section */
		12248B0F1B69DC4700B561B8 /* PBXContainerItemProxy */ = {
			isa = PBXContainerItemProxy;
			containerPortal = 12248AF11B69DC4700B561B8 /* Project object */;
			proxyType = 1;
			remoteGlobalIDString = 12248AF81B69DC4700B561B8;
			remoteInfo = CoreGraphics_1;
		};
/* End PBXContainerItemProxy section */

/* Begin PBXFileReference section */
		1222D4A71B76DE7400E132F7 /* AnimationViewController.swift */ = {isa = PBXFileReference; fileEncoding = 4; lastKnownFileType = sourcecode.swift; path = AnimationViewController.swift; sourceTree = "<group>"; };
		12248AF91B69DC4700B561B8 /* CellularAutomata1D.app */ = {isa = PBXFileReference; explicitFileType = wrapper.application; includeInIndex = 0; path = CellularAutomata1D.app; sourceTree = BUILT_PRODUCTS_DIR; };
		12248AFD1B69DC4700B561B8 /* Info.plist */ = {isa = PBXFileReference; lastKnownFileType = text.plist.xml; path = Info.plist; sourceTree = "<group>"; };
		12248AFE1B69DC4700B561B8 /* AppDelegate.swift */ = {isa = PBXFileReference; lastKnownFileType = sourcecode.swift; path = AppDelegate.swift; sourceTree = "<group>"; };
		12248B001B69DC4700B561B8 /* CellularAutomataViewController.swift */ = {isa = PBXFileReference; lastKnownFileType = sourcecode.swift; path = CellularAutomataViewController.swift; sourceTree = "<group>"; };
		12248B031B69DC4700B561B8 /* Base */ = {isa = PBXFileReference; lastKnownFileType = file.storyboard; name = Base; path = Base.lproj/Main.storyboard; sourceTree = "<group>"; };
		12248B051B69DC4700B561B8 /* Images.xcassets */ = {isa = PBXFileReference; lastKnownFileType = folder.assetcatalog; path = Images.xcassets; sourceTree = "<group>"; };
		12248B081B69DC4700B561B8 /* Base */ = {isa = PBXFileReference; lastKnownFileType = file.xib; name = Base; path = Base.lproj/LaunchScreen.xib; sourceTree = "<group>"; };
		12248B0E1B69DC4700B561B8 /* CellularAutomata1DTests.xctest */ = {isa = PBXFileReference; explicitFileType = wrapper.cfbundle; includeInIndex = 0; path = CellularAutomata1DTests.xctest; sourceTree = BUILT_PRODUCTS_DIR; };
		12248B131B69DC4700B561B8 /* Info.plist */ = {isa = PBXFileReference; lastKnownFileType = text.plist.xml; path = Info.plist; sourceTree = "<group>"; };
		12248B141B69DC4700B561B8 /* CoreGraphics_1Tests.swift */ = {isa = PBXFileReference; lastKnownFileType = sourcecode.swift; path = CoreGraphics_1Tests.swift; sourceTree = "<group>"; };
		12248B221B6B2A8A00B561B8 /* CellView.swift */ = {isa = PBXFileReference; fileEncoding = 4; lastKnownFileType = sourcecode.swift; path = CellView.swift; sourceTree = "<group>"; };
		12248B241B6D834C00B561B8 /* Cell.swift */ = {isa = PBXFileReference; fileEncoding = 4; lastKnownFileType = sourcecode.swift; path = Cell.swift; sourceTree = "<group>"; };
		12248B261B6D869B00B561B8 /* SingleGenCellularAutomata.swift */ = {isa = PBXFileReference; fileEncoding = 4; lastKnownFileType = sourcecode.swift; path = SingleGenCellularAutomata.swift; sourceTree = "<group>"; };
		12248B281B6DC9C900B561B8 /* PushButtonView.swift */ = {isa = PBXFileReference; fileEncoding = 4; lastKnownFileType = sourcecode.swift; path = PushButtonView.swift; sourceTree = "<group>"; };
		12248B2A1B6DD49100B561B8 /* RuleSet.swift */ = {isa = PBXFileReference; fileEncoding = 4; lastKnownFileType = sourcecode.swift; path = RuleSet.swift; sourceTree = "<group>"; };
		128ED2DC1B71C64300F78AF4 /* CellViewDataSource.swift */ = {isa = PBXFileReference; fileEncoding = 4; lastKnownFileType = sourcecode.swift; path = CellViewDataSource.swift; sourceTree = "<group>"; };
/* End PBXFileReference section */

/* Begin PBXFrameworksBuildPhase section */
		12248AF61B69DC4700B561B8 /* Frameworks */ = {
			isa = PBXFrameworksBuildPhase;
			buildActionMask = 2147483647;
			files = (
			);
			runOnlyForDeploymentPostprocessing = 0;
		};
		12248B0B1B69DC4700B561B8 /* Frameworks */ = {
			isa = PBXFrameworksBuildPhase;
			buildActionMask = 2147483647;
			files = (
			);
			runOnlyForDeploymentPostprocessing = 0;
		};
/* End PBXFrameworksBuildPhase section */

/* Begin PBXGroup section */
		1222D49F1B76DD1A00E132F7 /* Controllers */ = {
			isa = PBXGroup;
			children = (
				12248B001B69DC4700B561B8 /* CellularAutomataViewController.swift */,
				1222D4A71B76DE7400E132F7 /* AnimationViewController.swift */,
			);
			name = Controllers;
			sourceTree = "<group>";
		};
		1222D4A01B76DD2200E132F7 /* Other */ = {
			isa = PBXGroup;
			children = (
				12248AFE1B69DC4700B561B8 /* AppDelegate.swift */,
			);
			name = Other;
			sourceTree = "<group>";
		};
		1222D4A11B76DD3000E132F7 /* Models */ = {
			isa = PBXGroup;
			children = (
				12248B261B6D869B00B561B8 /* SingleGenCellularAutomata.swift */,
				12248B2A1B6DD49100B561B8 /* RuleSet.swift */,
				12248B241B6D834C00B561B8 /* Cell.swift */,
			);
			name = Models;
			sourceTree = "<group>";
		};
		1222D4A21B76DD3900E132F7 /* Assets */ = {
			isa = PBXGroup;
			children = (
				12248B051B69DC4700B561B8 /* Images.xcassets */,
			);
			name = Assets;
			sourceTree = "<group>";
		};
		1222D4A31B76DD5700E132F7 /* Storyboards & Nibs */ = {
			isa = PBXGroup;
			children = (
				12248B071B69DC4700B561B8 /* LaunchScreen.xib */,
				12248B021B69DC4700B561B8 /* Main.storyboard */,
			);
			name = "Storyboards & Nibs";
			sourceTree = "<group>";
		};
		1222D4A41B76DD6C00E132F7 /* Views */ = {
			isa = PBXGroup;
			children = (
				12248B281B6DC9C900B561B8 /* PushButtonView.swift */,
				12248B221B6B2A8A00B561B8 /* CellView.swift */,
			);
			name = Views;
			sourceTree = "<group>";
		};
		1222D4A51B76DD7D00E132F7 /* Helpers */ = {
			isa = PBXGroup;
			children = (
			);
			name = Helpers;
			sourceTree = "<group>";
		};
		1222D4A61B76DDFA00E132F7 /* Protocols */ = {
			isa = PBXGroup;
			children = (
				128ED2DC1B71C64300F78AF4 /* CellViewDataSource.swift */,
			);
			name = Protocols;
			sourceTree = "<group>";
		};
		12248AF01B69DC4700B561B8 = {
			isa = PBXGroup;
			children = (
				12248AFB1B69DC4700B561B8 /* CellularAutomata1D */,
				12248B111B69DC4700B561B8 /* CellularAutomata1D_Tests */,
				12248AFA1B69DC4700B561B8 /* Products */,
			);
			sourceTree = "<group>";
		};
		12248AFA1B69DC4700B561B8 /* Products */ = {
			isa = PBXGroup;
			children = (
				12248AF91B69DC4700B561B8 /* CellularAutomata1D.app */,
				12248B0E1B69DC4700B561B8 /* CellularAutomata1DTests.xctest */,
			);
			name = Products;
			sourceTree = "<group>";
		};
		12248AFB1B69DC4700B561B8 /* CellularAutomata1D */ = {
			isa = PBXGroup;
			children = (
				1222D4A21B76DD3900E132F7 /* Assets */,
				1222D49F1B76DD1A00E132F7 /* Controllers */,
				1222D4A51B76DD7D00E132F7 /* Helpers */,
				1222D4A11B76DD3000E132F7 /* Models */,
				1222D4A01B76DD2200E132F7 /* Other */,
				1222D4A61B76DDFA00E132F7 /* Protocols */,
				1222D4A31B76DD5700E132F7 /* Storyboards & Nibs */,
				1222D4A41B76DD6C00E132F7 /* Views */,
				12248AFC1B69DC4700B561B8 /* Supporting Files */,
			);
			path = CellularAutomata1D;
			sourceTree = "<group>";
		};
		12248AFC1B69DC4700B561B8 /* Supporting Files */ = {
			isa = PBXGroup;
			children = (
				12248AFD1B69DC4700B561B8 /* Info.plist */,
			);
			name = "Supporting Files";
			sourceTree = "<group>";
		};
		12248B111B69DC4700B561B8 /* CellularAutomata1D_Tests */ = {
			isa = PBXGroup;
			children = (
				12248B141B69DC4700B561B8 /* CoreGraphics_1Tests.swift */,
				12248B121B69DC4700B561B8 /* Supporting Files */,
			);
			name = CellularAutomata1D_Tests;
			path = CoreGraphics_1Tests;
			sourceTree = "<group>";
		};
		12248B121B69DC4700B561B8 /* Supporting Files */ = {
			isa = PBXGroup;
			children = (
				12248B131B69DC4700B561B8 /* Info.plist */,
			);
			name = "Supporting Files";
			sourceTree = "<group>";
		};
/* End PBXGroup section */

/* Begin PBXNativeTarget section */
		12248AF81B69DC4700B561B8 /* CellularAutomata1D */ = {
			isa = PBXNativeTarget;
			buildConfigurationList = 12248B181B69DC4700B561B8 /* Build configuration list for PBXNativeTarget "CellularAutomata1D" */;
			buildPhases = (
				12248AF51B69DC4700B561B8 /* Sources */,
				12248AF61B69DC4700B561B8 /* Frameworks */,
				12248AF71B69DC4700B561B8 /* Resources */,
			);
			buildRules = (
			);
			dependencies = (
			);
			name = CellularAutomata1D;
			productName = CoreGraphics_1;
			productReference = 12248AF91B69DC4700B561B8 /* CellularAutomata1D.app */;
			productType = "com.apple.product-type.application";
		};
		12248B0D1B69DC4700B561B8 /* CellularAutomata1DTests */ = {
			isa = PBXNativeTarget;
			buildConfigurationList = 12248B1B1B69DC4700B561B8 /* Build configuration list for PBXNativeTarget "CellularAutomata1DTests" */;
			buildPhases = (
				12248B0A1B69DC4700B561B8 /* Sources */,
				12248B0B1B69DC4700B561B8 /* Frameworks */,
				12248B0C1B69DC4700B561B8 /* Resources */,
			);
			buildRules = (
			);
			dependencies = (
				12248B101B69DC4700B561B8 /* PBXTargetDependency */,
			);
			name = CellularAutomata1DTests;
			productName = CoreGraphics_1Tests;
			productReference = 12248B0E1B69DC4700B561B8 /* CellularAutomata1DTests.xctest */;
			productType = "com.apple.product-type.bundle.unit-test";
		};
/* End PBXNativeTarget section */

/* Begin PBXProject section */
		12248AF11B69DC4700B561B8 /* Project object */ = {
			isa = PBXProject;
			attributes = {
				LastUpgradeCheck = 0640;
				ORGANIZATIONNAME = "Aaron Brown";
				TargetAttributes = {
					12248AF81B69DC4700B561B8 = {
						CreatedOnToolsVersion = 6.4;
					};
					12248B0D1B69DC4700B561B8 = {
						CreatedOnToolsVersion = 6.4;
						TestTargetID = 12248AF81B69DC4700B561B8;
					};
				};
			};
			buildConfigurationList = 12248AF41B69DC4700B561B8 /* Build configuration list for PBXProject "CellularAutomata1D" */;
			compatibilityVersion = "Xcode 3.2";
			developmentRegion = English;
			hasScannedForEncodings = 0;
			knownRegions = (
				en,
				Base,
			);
			mainGroup = 12248AF01B69DC4700B561B8;
			productRefGroup = 12248AFA1B69DC4700B561B8 /* Products */;
			projectDirPath = "";
			projectRoot = "";
			targets = (
				12248AF81B69DC4700B561B8 /* CellularAutomata1D */,
				12248B0D1B69DC4700B561B8 /* CellularAutomata1DTests */,
			);
		};
/* End PBXProject section */

/* Begin PBXResourcesBuildPhase section */
		12248AF71B69DC4700B561B8 /* Resources */ = {
			isa = PBXResourcesBuildPhase;
			buildActionMask = 2147483647;
			files = (
				12248B041B69DC4700B561B8 /* Main.storyboard in Resources */,
				12248B091B69DC4700B561B8 /* LaunchScreen.xib in Resources */,
				12248B061B69DC4700B561B8 /* Images.xcassets in Resources */,
			);
			runOnlyForDeploymentPostprocessing = 0;
		};
		12248B0C1B69DC4700B561B8 /* Resources */ = {
			isa = PBXResourcesBuildPhase;
			buildActionMask = 2147483647;
			files = (
			);
			runOnlyForDeploymentPostprocessing = 0;
		};
/* End PBXResourcesBuildPhase section */

/* Begin PBXSourcesBuildPhase section */
		12248AF51B69DC4700B561B8 /* Sources */ = {
			isa = PBXSourcesBuildPhase;
			buildActionMask = 2147483647;
			files = (
				12248B011B69DC4700B561B8 /* CellularAutomataViewController.swift in Sources */,
				12248B2B1B6DD49100B561B8 /* RuleSet.swift in Sources */,
				12248B271B6D869B00B561B8 /* SingleGenCellularAutomata.swift in Sources */,
				12248B231B6B2A8A00B561B8 /* CellView.swift in Sources */,
				1222D4A81B76DE7400E132F7 /* AnimationViewController.swift in Sources */,
				12248AFF1B69DC4700B561B8 /* AppDelegate.swift in Sources */,
				12248B291B6DC9C900B561B8 /* PushButtonView.swift in Sources */,
				128ED2DD1B71C64300F78AF4 /* CellViewDataSource.swift in Sources */,
				12248B251B6D834C00B561B8 /* Cell.swift in Sources */,
			);
			runOnlyForDeploymentPostprocessing = 0;
		};
		12248B0A1B69DC4700B561B8 /* Sources */ = {
			isa = PBXSourcesBuildPhase;
			buildActionMask = 2147483647;
			files = (
				12248B151B69DC4700B561B8 /* CoreGraphics_1Tests.swift in Sources */,
			);
			runOnlyForDeploymentPostprocessing = 0;
		};
/* End PBXSourcesBuildPhase section */

/* Begin PBXTargetDependency section */
		12248B101B69DC4700B561B8 /* PBXTargetDependency */ = {
			isa = PBXTargetDependency;
			target = 12248AF81B69DC4700B561B8 /* CellularAutomata1D */;
			targetProxy = 12248B0F1B69DC4700B561B8 /* PBXContainerItemProxy */;
		};
/* End PBXTargetDependency section */

/* Begin PBXVariantGroup section */
		12248B021B69DC4700B561B8 /* Main.storyboard */ = {
			isa = PBXVariantGroup;
			children = (
				12248B031B69DC4700B561B8 /* Base */,
			);
			name = Main.storyboard;
			sourceTree = "<group>";
		};
		12248B071B69DC4700B561B8 /* LaunchScreen.xib */ = {
			isa = PBXVariantGroup;
			children = (
				12248B081B69DC4700B561B8 /* Base */,
			);
			name = LaunchScreen.xib;
			sourceTree = "<group>";
		};
/* End PBXVariantGroup section */

/* Begin XCBuildConfiguration section */
		12248B161B69DC4700B561B8 /* Debug */ = {
			isa = XCBuildConfiguration;
			buildSettings = {
				ALWAYS_SEARCH_USER_PATHS = NO;
				CLANG_CXX_LANGUAGE_STANDARD = "gnu++0x";
				CLANG_CXX_LIBRARY = "libc++";
				CLANG_ENABLE_MODULES = YES;
				CLANG_ENABLE_OBJC_ARC = YES;
				CLANG_WARN_BOOL_CONVERSION = YES;
				CLANG_WARN_CONSTANT_CONVERSION = YES;
				CLANG_WARN_DIRECT_OBJC_ISA_USAGE = YES_ERROR;
				CLANG_WARN_EMPTY_BODY = YES;
				CLANG_WARN_ENUM_CONVERSION = YES;
				CLANG_WARN_INT_CONVERSION = YES;
				CLANG_WARN_OBJC_ROOT_CLASS = YES_ERROR;
				CLANG_WARN_UNREACHABLE_CODE = YES;
				CLANG_WARN__DUPLICATE_METHOD_MATCH = YES;
				"CODE_SIGN_IDENTITY[sdk=iphoneos*]" = "iPhone Developer";
				COPY_PHASE_STRIP = NO;
				DEBUG_INFORMATION_FORMAT = "dwarf-with-dsym";
				ENABLE_STRICT_OBJC_MSGSEND = YES;
				GCC_C_LANGUAGE_STANDARD = gnu99;
				GCC_DYNAMIC_NO_PIC = NO;
				GCC_NO_COMMON_BLOCKS = YES;
				GCC_OPTIMIZATION_LEVEL = 0;
				GCC_PREPROCESSOR_DEFINITIONS = (
					"DEBUG=1",
					"$(inherited)",
				);
				GCC_SYMBOLS_PRIVATE_EXTERN = NO;
				GCC_WARN_64_TO_32_BIT_CONVERSION = YES;
				GCC_WARN_ABOUT_RETURN_TYPE = YES_ERROR;
				GCC_WARN_UNDECLARED_SELECTOR = YES;
				GCC_WARN_UNINITIALIZED_AUTOS = YES_AGGRESSIVE;
				GCC_WARN_UNUSED_FUNCTION = YES;
				GCC_WARN_UNUSED_VARIABLE = YES;
				IPHONEOS_DEPLOYMENT_TARGET = 8.4;
				MTL_ENABLE_DEBUG_INFO = YES;
				ONLY_ACTIVE_ARCH = YES;
				SDKROOT = iphoneos;
				SWIFT_OPTIMIZATION_LEVEL = "-Onone";
			};
			name = Debug;
		};
		12248B171B69DC4700B561B8 /* Release */ = {
			isa = XCBuildConfiguration;
			buildSettings = {
				ALWAYS_SEARCH_USER_PATHS = NO;
				CLANG_CXX_LANGUAGE_STANDARD = "gnu++0x";
				CLANG_CXX_LIBRARY = "libc++";
				CLANG_ENABLE_MODULES = YES;
				CLANG_ENABLE_OBJC_ARC = YES;
				CLANG_WARN_BOOL_CONVERSION = YES;
				CLANG_WARN_CONSTANT_CONVERSION = YES;
				CLANG_WARN_DIRECT_OBJC_ISA_USAGE = YES_ERROR;
				CLANG_WARN_EMPTY_BODY = YES;
				CLANG_WARN_ENUM_CONVERSION = YES;
				CLANG_WARN_INT_CONVERSION = YES;
				CLANG_WARN_OBJC_ROOT_CLASS = YES_ERROR;
				CLANG_WARN_UNREACHABLE_CODE = YES;
				CLANG_WARN__DUPLICATE_METHOD_MATCH = YES;
				"CODE_SIGN_IDENTITY[sdk=iphoneos*]" = "iPhone Developer";
				COPY_PHASE_STRIP = NO;
				DEBUG_INFORMATION_FORMAT = "dwarf-with-dsym";
				ENABLE_NS_ASSERTIONS = NO;
				ENABLE_STRICT_OBJC_MSGSEND = YES;
				GCC_C_LANGUAGE_STANDARD = gnu99;
				GCC_NO_COMMON_BLOCKS = YES;
				GCC_WARN_64_TO_32_BIT_CONVERSION = YES;
				GCC_WARN_ABOUT_RETURN_TYPE = YES_ERROR;
				GCC_WARN_UNDECLARED_SELECTOR = YES;
				GCC_WARN_UNINITIALIZED_AUTOS = YES_AGGRESSIVE;
				GCC_WARN_UNUSED_FUNCTION = YES;
				GCC_WARN_UNUSED_VARIABLE = YES;
				IPHONEOS_DEPLOYMENT_TARGET = 8.4;
				MTL_ENABLE_DEBUG_INFO = NO;
				SDKROOT = iphoneos;
				VALIDATE_PRODUCT = YES;
			};
			name = Release;
		};
		12248B191B69DC4700B561B8 /* Debug */ = {
			isa = XCBuildConfiguration;
			buildSettings = {
				ASSETCATALOG_COMPILER_APPICON_NAME = AppIcon;
				INFOPLIST_FILE = CellularAutomata1D/Info.plist;
				LD_RUNPATH_SEARCH_PATHS = "$(inherited) @executable_path/Frameworks";
				PRODUCT_NAME = CellularAutomata1D;
			};
			name = Debug;
		};
		12248B1A1B69DC4700B561B8 /* Release */ = {
			isa = XCBuildConfiguration;
			buildSettings = {
				ASSETCATALOG_COMPILER_APPICON_NAME = AppIcon;
				INFOPLIST_FILE = CellularAutomata1D/Info.plist;
				LD_RUNPATH_SEARCH_PATHS = "$(inherited) @executable_path/Frameworks";
				PRODUCT_NAME = CellularAutomata1D;
			};
			name = Release;
		};
		12248B1C1B69DC4700B561B8 /* Debug */ = {
			isa = XCBuildConfiguration;
			buildSettings = {
				BUNDLE_LOADER = "$(TEST_HOST)";
				FRAMEWORK_SEARCH_PATHS = (
					"$(SDKROOT)/Developer/Library/Frameworks",
					"$(inherited)",
				);
				GCC_PREPROCESSOR_DEFINITIONS = (
					"DEBUG=1",
					"$(inherited)",
				);
				INFOPLIST_FILE = CellularAutomata1D/Info.plist;
				LD_RUNPATH_SEARCH_PATHS = "$(inherited) @executable_path/Frameworks @loader_path/Frameworks";
				PRODUCT_NAME = CellularAutomata1DTests;
				TEST_HOST = "$(BUILT_PRODUCTS_DIR)/CoreGraphics_1.app/CoreGraphics_1";
			};
			name = Debug;
		};
		12248B1D1B69DC4700B561B8 /* Release */ = {
			isa = XCBuildConfiguration;
			buildSettings = {
				BUNDLE_LOADER = "$(TEST_HOST)";
				FRAMEWORK_SEARCH_PATHS = (
					"$(SDKROOT)/Developer/Library/Frameworks",
					"$(inherited)",
				);
				INFOPLIST_FILE = CellularAutomata1D/Info.plist;
				LD_RUNPATH_SEARCH_PATHS = "$(inherited) @executable_path/Frameworks @loader_path/Frameworks";
				PRODUCT_NAME = CellularAutomata1DTests;
				TEST_HOST = "$(BUILT_PRODUCTS_DIR)/CoreGraphics_1.app/CoreGraphics_1";
			};
			name = Release;
		};
/* End XCBuildConfiguration section */

/* Begin XCConfigurationList section */
		12248AF41B69DC4700B561B8 /* Build configuration list for PBXProject "CellularAutomata1D" */ = {
			isa = XCConfigurationList;
			buildConfigurations = (
				12248B161B69DC4700B561B8 /* Debug */,
				12248B171B69DC4700B561B8 /* Release */,
			);
			defaultConfigurationIsVisible = 0;
			defaultConfigurationName = Release;
		};
		12248B181B69DC4700B561B8 /* Build configuration list for PBXNativeTarget "CellularAutomata1D" */ = {
			isa = XCConfigurationList;
			buildConfigurations = (
				12248B191B69DC4700B561B8 /* Debug */,
				12248B1A1B69DC4700B561B8 /* Release */,
			);
			defaultConfigurationIsVisible = 0;
			defaultConfigurationName = Release;
		};
		12248B1B1B69DC4700B561B8 /* Build configuration list for PBXNativeTarget "CellularAutomata1DTests" */ = {
			isa = XCConfigurationList;
			buildConfigurations = (
				12248B1C1B69DC4700B561B8 /* Debug */,
				12248B1D1B69DC4700B561B8 /* Release */,
			);
			defaultConfigurationIsVisible = 0;
			defaultConfigurationName = Release;
		};
/* End XCConfigurationList section */
	};
	rootObject = 12248AF11B69DC4700B561B8 /* Project object */;
}
